{
    "hash": "9a089cc88aa1696d9a829f3420993497",
    "packages": [
        {
            "package": "symfony/class-loader",
            "version": "dev-master",
            "source-reference": "c57e62c886899f8d88264efad23c857eb198dc09"
        },
        {
            "package": "symfony/class-loader",
            "version": "dev-master",
            "source-reference": "c57e62c886899f8d88264efad23c857eb198dc09",
            "alias-pretty-version": "2.1.x-dev",
            "alias-version": "2.1.9999999.9999999-dev"
        },
        {
            "package": "symfony/dependency-injection",
            "version": "dev-master",
            "source-reference": "416b8a6dd9abad6ddf1d325d22ef801d50663b4b",
            "alias-pretty-version": "2.1.x-dev",
            "alias-version": "2.1.9999999.9999999-dev"
        },
        {
            "package": "symfony/dependency-injection",
            "version": "dev-master",
            "source-reference": "416b8a6dd9abad6ddf1d325d22ef801d50663b4b"
        },
        {
            "package": "symfony/event-dispatcher",
            "version": "dev-master",
            "source-reference": "eb82542e8ec9506096caf7c528564c740a214f56",
            "alias-pretty-version": "2.1.x-dev",
            "alias-version": "2.1.9999999.9999999-dev"
        },
        {
            "package": "symfony/event-dispatcher",
            "version": "dev-master",
            "source-reference": "eb82542e8ec9506096caf7c528564c740a214f56"
        },
        {
            "package": "symfony/http-foundation",
            "version": "dev-master",
            "source-reference": "3d9f4ce435f6322b9720c209ad610202526373c0",
            "alias-pretty-version": "2.1.x-dev",
            "alias-version": "2.1.9999999.9999999-dev"
        },
        {
            "package": "symfony/http-foundation",
            "version": "dev-master",
            "source-reference": "3d9f4ce435f6322b9720c209ad610202526373c0"
        },
        {
            "package": "symfony/http-kernel",
            "version": "dev-master",
            "source-reference": "e2e0789f90d1078839bb9448d2ac831e944fc2aa"
        },
        {
            "package": "symfony/http-kernel",
            "version": "dev-master",
            "source-reference": "e2e0789f90d1078839bb9448d2ac831e944fc2aa",
            "alias-pretty-version": "2.1.x-dev",
            "alias-version": "2.1.9999999.9999999-dev"
        },
        {
            "package": "symfony/routing",
            "version": "dev-master",
            "source-reference": "836d9bb95861cbb58bbb37799e6be27427715eaa"
        },
        {
            "package": "symfony/routing",
            "version": "dev-master",
            "source-reference": "836d9bb95861cbb58bbb37799e6be27427715eaa",
            "alias-pretty-version": "2.1.x-dev",
            "alias-version": "2.1.9999999.9999999-dev"
        },
        {
            "package": "twig/twig",
            "version": "dev-master",
            "source-reference": "875fa010ce597edf97c04ce6490be950068e9372",
            "alias-pretty-version": "1.8.x-dev",
            "alias-version": "1.8.9999999.9999999-dev"
        },
        {
            "package": "twig/twig",
            "version": "dev-master",
            "source-reference": "875fa010ce597edf97c04ce6490be950068e9372"
        }
    ],
    "packages-dev": null,
    "aliases": [

    ]
}
